
Microsoft Visual Studio Solution File, Format Version 12.00
# Visual Studio Version 17
VisualStudioVersion = 17.3.32804.467
MinimumVisualStudioVersion = 10.0.40219.1
Project("{9A19103F-16F7-4668-BE54-9A1E7A4F7556}") = "PQ4NET", "PQ4NET\PQ4NET.csproj", "{C528C083-43D2-405F-BE3A-0BFB7575DCDB}"
EndProject
Project("{FAE04EC0-301F-11D3-BF4B-00C04F79EFBC}") = "PQ4NETServer", "PQ4NETServer\PQ4NETServer.csproj", "{6D178A96-640F-4628-B08C-199028846D17}"
EndProject
Global
	GlobalSection(SolutionConfigurationPlatforms) = preSolution
		Debug|Any CPU = Debug|Any CPU
		Release|Any CPU = Release|Any CPU
	EndGlobalSection
	GlobalSection(ProjectConfigurationPlatforms) = postSolution
		{C528C083-43D2-405F-BE3A-0BFB7575DCDB}.Debug|Any CPU.ActiveCfg = Debug|Any CPU
		{C528C083-43D2-405F-BE3A-0BFB7575DCDB}.Debug|Any CPU.Build.0 = Debug|Any CPU
		{C528C083-43D2-405F-BE3A-0BFB7575DCDB}.Release|Any CPU.ActiveCfg = Release|Any CPU
		{C528C083-43D2-405F-BE3A-0BFB7575DCDB}.Release|Any CPU.Build.0 = Release|Any CPU
		{6D178A96-640F-4628-B08C-199028846D17}.Debug|Any CPU.ActiveCfg = Debug|Any CPU
		{6D178A96-640F-4628-B08C-199028846D17}.Debug|Any CPU.Build.0 = Debug|Any CPU
		{6D178A96-640F-4628-B08C-199028846D17}.Release|Any CPU.ActiveCfg = Release|Any CPU
		{6D178A96-640F-4628-B08C-199028846D17}.Release|Any CPU.Build.0 = Release|Any CPU
	EndGlobalSection
	GlobalSection(SolutionProperties) = preSolution
		HideSolutionNode = FALSE
	EndGlobalSection
	GlobalSection(ExtensibilityGlobals) = postSolution
		SolutionGuid = {B948CC9C-AD11-4592-B51B-F13CF246D0D2}
	EndGlobalSection
EndGlobal
